<Solution>
  <Folder Name="/src/">
    <Project Path="src/SmkDoc.Api/SmkDoc.Api.csproj" />
    <Project Path="src/SmkDoc.Application/SmkDoc.Application.csproj" />
    <Project Path="src/SmkDoc.Domain/SmkDoc.Domain.csproj" />
    <Project Path="src/SmkDoc.Infrastructure/SmkDoc.Infrastructure.csproj" />
  </Folder>
  <Folder Name="/tests/">
    <Project Path="tests/SmkDoc.Tests/SmkDoc.Tests.csproj" />
    <Project Path="tests/SmkDoc.IntegrationTests/SmkDoc.IntegrationTests.csproj" />
  </Folder>
</Solution>
